Microsoft Visual Studio Solution File, Format Version 12.00
# Visual Studio Version 17
VisualStudioVersion = 17.5.2.0
MinimumVisualStudioVersion = 10.0.40219.1
Project("{FAE04EC0-301F-11D3-BF4B-00C04F79EFBC}") = "ConvertXmlToXlsxUtility", "ConvertXmlToXlsxUtility.csproj", "{5F8EEDC9-4382-9367-BBAD-10A3210B8843}"
EndProject
Global
	GlobalSection(SolutionConfigurationPlatforms) = preSolution
		Debug|Any CPU = Debug|Any CPU
		Release|Any CPU = Release|Any CPU
	EndGlobalSection
	GlobalSection(ProjectConfigurationPlatforms) = postSolution
		{5F8EEDC9-4382-9367-BBAD-10A3210B8843}.Debug|Any CPU.ActiveCfg = Debug|Any CPU
		{5F8EEDC9-4382-9367-BBAD-10A3210B8843}.Debug|Any CPU.Build.0 = Debug|Any CPU
		{5F8EEDC9-4382-9367-BBAD-10A3210B8843}.Release|Any CPU.ActiveCfg = Release|Any CPU
		{5F8EEDC9-4382-9367-BBAD-10A3210B8843}.Release|Any CPU.Build.0 = Release|Any CPU
	EndGlobalSection
	GlobalSection(SolutionProperties) = preSolution
		HideSolutionNode = FALSE
	EndGlobalSection
	GlobalSection(ExtensibilityGlobals) = postSolution
		SolutionGuid = {C35CD9EA-F436-4799-89DF-1F1BDF058E01}
	EndGlobalSection
EndGlobal
